
Microsoft Visual Studio Solution File, Format Version 12.00
# Visual Studio Version 17
VisualStudioVersion = 17.6.33927.249
MinimumVisualStudioVersion = 10.0.40219.1
Project("{FAE04EC0-301F-11D3-BF4B-00C04F79EFBC}") = "C#WinFormsApp1", "C#WinFormsApp1\C#WinFormsApp1.csproj", "{9F6E3A8A-6212-4839-BBEF-5D8F55BE34B1}"
EndProject
Global
	GlobalSection(SolutionConfigurationPlatforms) = preSolution
		Debug|Any CPU = Debug|Any CPU
		Release|Any CPU = Release|Any CPU
	EndGlobalSection
	GlobalSection(ProjectConfigurationPlatforms) = postSolution
		{9F6E3A8A-6212-4839-BBEF-5D8F55BE34B1}.Debug|Any CPU.ActiveCfg = Debug|Any CPU
		{9F6E3A8A-6212-4839-BBEF-5D8F55BE34B1}.Debug|Any CPU.Build.0 = Debug|Any CPU
		{9F6E3A8A-6212-4839-BBEF-5D8F55BE34B1}.Release|Any CPU.ActiveCfg = Release|Any CPU
		{9F6E3A8A-6212-4839-BBEF-5D8F55BE34B1}.Release|Any CPU.Build.0 = Release|Any CPU
	EndGlobalSection
	GlobalSection(SolutionProperties) = preSolution
		HideSolutionNode = FALSE
	EndGlobalSection
	GlobalSection(ExtensibilityGlobals) = postSolution
		SolutionGuid = {C944C444-1D51-4742-A1C3-59EAC751B7C4}
	EndGlobalSection
EndGlobal
